// !$*UTF8*$!
{
	archiveVersion = 1;
	classes = {
	};
	objectVersion = 55;
	objects = {

/* Begin PBXBuildFile section */
		264105C827470DBD004C6DA4 /* AccountViewController.swift in Sources */ = {isa = PBXBuildFile; fileRef = 264105C727470DBD004C6DA4 /* AccountViewController.swift */; };
		264105CA274715DE004C6DA4 /* Pet.swift in Sources */ = {isa = PBXBuildFile; fileRef = 264105C9274715DE004C6DA4 /* Pet.swift */; };
		264105CC27492C5D004C6DA4 /* Account.swift in Sources */ = {isa = PBXBuildFile; fileRef = 264105CB27492C5D004C6DA4 /* Account.swift */; };
		264105CE27493F96004C6DA4 /* HeaderView.swift in Sources */ = {isa = PBXBuildFile; fileRef = 264105CD27493F96004C6DA4 /* HeaderView.swift */; };
		264105D027493FC3004C6DA4 /* PetCollectionViewCell.swift in Sources */ = {isa = PBXBuildFile; fileRef = 264105CF27493FC3004C6DA4 /* PetCollectionViewCell.swift */; };
		26654B28274AA5CB006C014D /* PetViewController.swift in Sources */ = {isa = PBXBuildFile; fileRef = 26654B27274AA5CB006C014D /* PetViewController.swift */; };
		26654B2A274B0173006C014D /* ImagePicker.swift in Sources */ = {isa = PBXBuildFile; fileRef = 26654B29274B0172006C014D /* ImagePicker.swift */; };
		26F452A22757366100067ADB /* LoginViewController.swift in Sources */ = {isa = PBXBuildFile; fileRef = 26F452A12757366000067ADB /* LoginViewController.swift */; };
		26F452A42757418700067ADB /* TabBarController.swift in Sources */ = {isa = PBXBuildFile; fileRef = 26F452A32757418700067ADB /* TabBarController.swift */; };
		26F452A627581F9A00067ADB /* ActionViewController.swift in Sources */ = {isa = PBXBuildFile; fileRef = 26F452A527581F9A00067ADB /* ActionViewController.swift */; };
		26F452A82758388400067ADB /* SuccessViewController.swift in Sources */ = {isa = PBXBuildFile; fileRef = 26F452A72758388400067ADB /* SuccessViewController.swift */; };
		26F452AA2759783C00067ADB /* NetworkManager.swift in Sources */ = {isa = PBXBuildFile; fileRef = 26F452A92759783C00067ADB /* NetworkManager.swift */; };
		3B2B6101273D9637000F99DC /* AppDelegate.swift in Sources */ = {isa = PBXBuildFile; fileRef = 3B2B6100273D9637000F99DC /* AppDelegate.swift */; };
		3B2B6103273D9637000F99DC /* SceneDelegate.swift in Sources */ = {isa = PBXBuildFile; fileRef = 3B2B6102273D9637000F99DC /* SceneDelegate.swift */; };
		3B2B6105273D9637000F99DC /* HomeViewController.swift in Sources */ = {isa = PBXBuildFile; fileRef = 3B2B6104273D9637000F99DC /* HomeViewController.swift */; };
		3B2B6108273D9637000F99DC /* Main.storyboard in Resources */ = {isa = PBXBuildFile; fileRef = 3B2B6106273D9637000F99DC /* Main.storyboard */; };
		3B2B610A273D9639000F99DC /* Assets.xcassets in Resources */ = {isa = PBXBuildFile; fileRef = 3B2B6109273D9639000F99DC /* Assets.xcassets */; };
		3B2B610D273D9639000F99DC /* LaunchScreen.storyboard in Resources */ = {isa = PBXBuildFile; fileRef = 3B2B610B273D9639000F99DC /* LaunchScreen.storyboard */; };
		3B489E982759526000FFB473 /* VoteViewController.swift in Sources */ = {isa = PBXBuildFile; fileRef = 3B489E972759526000FFB473 /* VoteViewController.swift */; };
		3B489E9A2759527300FFB473 /* NameViewController.swift in Sources */ = {isa = PBXBuildFile; fileRef = 3B489E992759527300FFB473 /* NameViewController.swift */; };
		3B79241A273EF05F00B5FC5C /* NewImageViewController.swift in Sources */ = {isa = PBXBuildFile; fileRef = 3B792419273EF05F00B5FC5C /* NewImageViewController.swift */; };
		D25FBEF9B5702929ABA017E2 /* Pods_Pet_Naming_Network.framework in Frameworks */ = {isa = PBXBuildFile; fileRef = FFCAFD3C6DEE5CF7917898F6 /* Pods_Pet_Naming_Network.framework */; };
/* End PBXBuildFile section */

/* Begin PBXFileReference section */
		0E1F7F807DA05668F2652FA4 /* Pods-Pet Naming Network.debug.xcconfig */ = {isa = PBXFileReference; includeInIndex = 1; lastKnownFileType = text.xcconfig; name = "Pods-Pet Naming Network.debug.xcconfig"; path = "Target Support Files/Pods-Pet Naming Network/Pods-Pet Naming Network.debug.xcconfig"; sourceTree = "<group>"; };
		264105C727470DBD004C6DA4 /* AccountViewController.swift */ = {isa = PBXFileReference; lastKnownFileType = sourcecode.swift; path = AccountViewController.swift; sourceTree = "<group>"; };
		264105C9274715DE004C6DA4 /* Pet.swift */ = {isa = PBXFileReference; lastKnownFileType = sourcecode.swift; path = Pet.swift; sourceTree = "<group>"; };
		264105CB27492C5D004C6DA4 /* Account.swift */ = {isa = PBXFileReference; lastKnownFileType = sourcecode.swift; path = Account.swift; sourceTree = "<group>"; };
		264105CD27493F96004C6DA4 /* HeaderView.swift */ = {isa = PBXFileReference; lastKnownFileType = sourcecode.swift; path = HeaderView.swift; sourceTree = "<group>"; };
		264105CF27493FC3004C6DA4 /* PetCollectionViewCell.swift */ = {isa = PBXFileReference; lastKnownFileType = sourcecode.swift; path = PetCollectionViewCell.swift; sourceTree = "<group>"; };
		26654B27274AA5CB006C014D /* PetViewController.swift */ = {isa = PBXFileReference; lastKnownFileType = sourcecode.swift; path = PetViewController.swift; sourceTree = "<group>"; };
		26654B29274B0172006C014D /* ImagePicker.swift */ = {isa = PBXFileReference; lastKnownFileType = sourcecode.swift; path = ImagePicker.swift; sourceTree = "<group>"; };
		26F452A12757366000067ADB /* LoginViewController.swift */ = {isa = PBXFileReference; lastKnownFileType = sourcecode.swift; path = LoginViewController.swift; sourceTree = "<group>"; };
		26F452A32757418700067ADB /* TabBarController.swift */ = {isa = PBXFileReference; lastKnownFileType = sourcecode.swift; path = TabBarController.swift; sourceTree = "<group>"; };
		26F452A527581F9A00067ADB /* ActionViewController.swift */ = {isa = PBXFileReference; lastKnownFileType = sourcecode.swift; path = ActionViewController.swift; sourceTree = "<group>"; };
		26F452A72758388400067ADB /* SuccessViewController.swift */ = {isa = PBXFileReference; lastKnownFileType = sourcecode.swift; path = SuccessViewController.swift; sourceTree = "<group>"; };
		26F452A92759783C00067ADB /* NetworkManager.swift */ = {isa = PBXFileReference; lastKnownFileType = sourcecode.swift; path = NetworkManager.swift; sourceTree = "<group>"; };
		3B2B60FD273D9637000F99DC /* Pet Naming Network.app */ = {isa = PBXFileReference; explicitFileType = wrapper.application; includeInIndex = 0; path = "Pet Naming Network.app"; sourceTree = BUILT_PRODUCTS_DIR; };
		3B2B6100273D9637000F99DC /* AppDelegate.swift */ = {isa = PBXFileReference; lastKnownFileType = sourcecode.swift; path = AppDelegate.swift; sourceTree = "<group>"; };
		3B2B6102273D9637000F99DC /* SceneDelegate.swift */ = {isa = PBXFileReference; lastKnownFileType = sourcecode.swift; path = SceneDelegate.swift; sourceTree = "<group>"; };
		3B2B6104273D9637000F99DC /* HomeViewController.swift */ = {isa = PBXFileReference; lastKnownFileType = sourcecode.swift; path = HomeViewController.swift; sourceTree = "<group>"; };
		3B2B6107273D9637000F99DC /* Base */ = {isa = PBXFileReference; lastKnownFileType = file.storyboard; name = Base; path = Base.lproj/Main.storyboard; sourceTree = "<group>"; };
		3B2B6109273D9639000F99DC /* Assets.xcassets */ = {isa = PBXFileReference; lastKnownFileType = folder.assetcatalog; path = Assets.xcassets; sourceTree = "<group>"; };
		3B2B610C273D9639000F99DC /* Base */ = {isa = PBXFileReference; lastKnownFileType = file.storyboard; name = Base; path = Base.lproj/LaunchScreen.storyboard; sourceTree = "<group>"; };
		3B2B610E273D9639000F99DC /* Info.plist */ = {isa = PBXFileReference; lastKnownFileType = text.plist.xml; path = Info.plist; sourceTree = "<group>"; };
		3B489E972759526000FFB473 /* VoteViewController.swift */ = {isa = PBXFileReference; lastKnownFileType = sourcecode.swift; path = VoteViewController.swift; sourceTree = "<group>"; };
		3B489E992759527300FFB473 /* NameViewController.swift */ = {isa = PBXFileReference; lastKnownFileType = sourcecode.swift; path = NameViewController.swift; sourceTree = "<group>"; };
		3B792419273EF05F00B5FC5C /* NewImageViewController.swift */ = {isa = PBXFileReference; lastKnownFileType = sourcecode.swift; path = NewImageViewController.swift; sourceTree = "<group>"; };
		F9E3C02795D06736FC224164 /* Pods-Pet Naming Network.release.xcconfig */ = {isa = PBXFileReference; includeInIndex = 1; lastKnownFileType = text.xcconfig; name = "Pods-Pet Naming Network.release.xcconfig"; path = "Target Support Files/Pods-Pet Naming Network/Pods-Pet Naming Network.release.xcconfig"; sourceTree = "<group>"; };
		FFCAFD3C6DEE5CF7917898F6 /* Pods_Pet_Naming_Network.framework */ = {isa = PBXFileReference; explicitFileType = wrapper.framework; includeInIndex = 0; path = Pods_Pet_Naming_Network.framework; sourceTree = BUILT_PRODUCTS_DIR; };
/* End PBXFileReference section */

/* Begin PBXFrameworksBuildPhase section */
		3B2B60FA273D9637000F99DC /* Frameworks */ = {
			isa = PBXFrameworksBuildPhase;
			buildActionMask = 2147483647;
			files = (
				D25FBEF9B5702929ABA017E2 /* Pods_Pet_Naming_Network.framework in Frameworks */,
			);
			runOnlyForDeploymentPostprocessing = 0;
		};
/* End PBXFrameworksBuildPhase section */

/* Begin PBXGroup section */
		3B2B60F4273D9637000F99DC = {
			isa = PBXGroup;
			children = (
				26F452A92759783C00067ADB /* NetworkManager.swift */,
				3B2B60FF273D9637000F99DC /* Pet Naming Network */,
				3B2B60FE273D9637000F99DC /* Products */,
				7B684EB6D3202267C327710D /* Pods */,
				B54058DCB9A7A433923EF2FD /* Frameworks */,
			);
			sourceTree = "<group>";
		};
		3B2B60FE273D9637000F99DC /* Products */ = {
			isa = PBXGroup;
			children = (
				3B2B60FD273D9637000F99DC /* Pet Naming Network.app */,
			);
			name = Products;
			sourceTree = "<group>";
		};
		3B2B60FF273D9637000F99DC /* Pet Naming Network */ = {
			isa = PBXGroup;
			children = (
				3B2B6100273D9637000F99DC /* AppDelegate.swift */,
				3B2B6102273D9637000F99DC /* SceneDelegate.swift */,
				3B489E9D27596F3B00FFB473 /* View Controllers */,
				3B2B6106273D9637000F99DC /* Main.storyboard */,
				3B2B6109273D9639000F99DC /* Assets.xcassets */,
				3B2B610B273D9639000F99DC /* LaunchScreen.storyboard */,
				3B2B610E273D9639000F99DC /* Info.plist */,
				264105C727470DBD004C6DA4 /* AccountViewController.swift */,
				264105C9274715DE004C6DA4 /* Pet.swift */,
				264105CB27492C5D004C6DA4 /* Account.swift */,
				264105CD27493F96004C6DA4 /* HeaderView.swift */,
				264105CF27493FC3004C6DA4 /* PetCollectionViewCell.swift */,
				26654B27274AA5CB006C014D /* PetViewController.swift */,
				26654B29274B0172006C014D /* ImagePicker.swift */,
				26F452A12757366000067ADB /* LoginViewController.swift */,
				26F452A32757418700067ADB /* TabBarController.swift */,
				26F452A72758388400067ADB /* SuccessViewController.swift */,
			);
			path = "Pet Naming Network";
			sourceTree = "<group>";
		};
		3B489E9C27596F2300FFB473 /* Actions */ = {
			isa = PBXGroup;
			children = (
				3B489E972759526000FFB473 /* VoteViewController.swift */,
				3B489E992759527300FFB473 /* NameViewController.swift */,
			);
			path = Actions;
			sourceTree = "<group>";
		};
		3B489E9D27596F3B00FFB473 /* View Controllers */ = {
			isa = PBXGroup;
			children = (
				3B2B6104273D9637000F99DC /* HomeViewController.swift */,
				3B792419273EF05F00B5FC5C /* NewImageViewController.swift */,
				26F452A527581F9A00067ADB /* ActionViewController.swift */,
				3B489E9C27596F2300FFB473 /* Actions */,
			);
			path = "View Controllers";
			sourceTree = "<group>";
		};
		7B684EB6D3202267C327710D /* Pods */ = {
			isa = PBXGroup;
			children = (
				0E1F7F807DA05668F2652FA4 /* Pods-Pet Naming Network.debug.xcconfig */,
				F9E3C02795D06736FC224164 /* Pods-Pet Naming Network.release.xcconfig */,
			);
			path = Pods;
			sourceTree = "<group>";
		};
		B54058DCB9A7A433923EF2FD /* Frameworks */ = {
			isa = PBXGroup;
			children = (
				FFCAFD3C6DEE5CF7917898F6 /* Pods_Pet_Naming_Network.framework */,
			);
			name = Frameworks;
			sourceTree = "<group>";
		};
/* End PBXGroup section */

/* Begin PBXNativeTarget section */
		3B2B60FC273D9637000F99DC /* Pet Naming Network */ = {
			isa = PBXNativeTarget;
			buildConfigurationList = 3B2B6111273D9639000F99DC /* Build configuration list for PBXNativeTarget "Pet Naming Network" */;
			buildPhases = (
				B1801667C8ABCD35233A869C /* [CP] Check Pods Manifest.lock */,
				3B2B60F9273D9637000F99DC /* Sources */,
				3B2B60FA273D9637000F99DC /* Frameworks */,
				3B2B60FB273D9637000F99DC /* Resources */,
				887AF20CD7349564EA907C91 /* [CP] Embed Pods Frameworks */,
			);
			buildRules = (
			);
			dependencies = (
			);
			name = "Pet Naming Network";
			productName = "Pet Naming Network";
			productReference = 3B2B60FD273D9637000F99DC /* Pet Naming Network.app */;
			productType = "com.apple.product-type.application";
		};
/* End PBXNativeTarget section */

/* Begin PBXProject section */
		3B2B60F5273D9637000F99DC /* Project object */ = {
			isa = PBXProject;
			attributes = {
				BuildIndependentTargetsInParallel = 1;
				LastSwiftUpdateCheck = 1300;
				LastUpgradeCheck = 1300;
				TargetAttributes = {
					3B2B60FC273D9637000F99DC = {
						CreatedOnToolsVersion = 13.0;
					};
				};
			};
			buildConfigurationList = 3B2B60F8273D9637000F99DC /* Build configuration list for PBXProject "Pet Naming Network" */;
			compatibilityVersion = "Xcode 13.0";
			developmentRegion = en;
			hasScannedForEncodings = 0;
			knownRegions = (
				en,
				Base,
			);
			mainGroup = 3B2B60F4273D9637000F99DC;
			productRefGroup = 3B2B60FE273D9637000F99DC /* Products */;
			projectDirPath = "";
			projectRoot = "";
			targets = (
				3B2B60FC273D9637000F99DC /* Pet Naming Network */,
			);
		};
/* End PBXProject section */

/* Begin PBXResourcesBuildPhase section */
		3B2B60FB273D9637000F99DC /* Resources */ = {
			isa = PBXResourcesBuildPhase;
			buildActionMask = 2147483647;
			files = (
				3B2B610D273D9639000F99DC /* LaunchScreen.storyboard in Resources */,
				3B2B610A273D9639000F99DC /* Assets.xcassets in Resources */,
				3B2B6108273D9637000F99DC /* Main.storyboard in Resources */,
			);
			runOnlyForDeploymentPostprocessing = 0;
		};
/* End PBXResourcesBuildPhase section */

/* Begin PBXShellScriptBuildPhase section */
		887AF20CD7349564EA907C91 /* [CP] Embed Pods Frameworks */ = {
			isa = PBXShellScriptBuildPhase;
			buildActionMask = 2147483647;
			files = (
			);
			inputFileListPaths = (
				"${PODS_ROOT}/Target Support Files/Pods-Pet Naming Network/Pods-Pet Naming Network-frameworks-${CONFIGURATION}-input-files.xcfilelist",
			);
			name = "[CP] Embed Pods Frameworks";
			outputFileListPaths = (
				"${PODS_ROOT}/Target Support Files/Pods-Pet Naming Network/Pods-Pet Naming Network-frameworks-${CONFIGURATION}-output-files.xcfilelist",
			);
			runOnlyForDeploymentPostprocessing = 0;
			shellPath = /bin/sh;
			shellScript = "\"${PODS_ROOT}/Target Support Files/Pods-Pet Naming Network/Pods-Pet Naming Network-frameworks.sh\"\n";
			showEnvVarsInLog = 0;
		};
		B1801667C8ABCD35233A869C /* [CP] Check Pods Manifest.lock */ = {
			isa = PBXShellScriptBuildPhase;
			buildActionMask = 2147483647;
			files = (
			);
			inputFileListPaths = (
			);
			inputPaths = (
				"${PODS_PODFILE_DIR_PATH}/Podfile.lock",
				"${PODS_ROOT}/Manifest.lock",
			);
			name = "[CP] Check Pods Manifest.lock";
			outputFileListPaths = (
			);
			outputPaths = (
				"$(DERIVED_FILE_DIR)/Pods-Pet Naming Network-checkManifestLockResult.txt",
			);
			runOnlyForDeploymentPostprocessing = 0;
			shellPath = /bin/sh;
			shellScript = "diff \"${PODS_PODFILE_DIR_PATH}/Podfile.lock\" \"${PODS_ROOT}/Manifest.lock\" > /dev/null\nif [ $? != 0 ] ; then\n    # print error to STDERR\n    echo \"error: The sandbox is not in sync with the Podfile.lock. Run 'pod install' or update your CocoaPods installation.\" >&2\n    exit 1\nfi\n# This output is used by Xcode 'outputs' to avoid re-running this script phase.\necho \"SUCCESS\" > \"${SCRIPT_OUTPUT_FILE_0}\"\n";
			showEnvVarsInLog = 0;
		};
/* End PBXShellScriptBuildPhase section */

/* Begin PBXSourcesBuildPhase section */
		3B2B60F9273D9637000F99DC /* Sources */ = {
			isa = PBXSourcesBuildPhase;
			buildActionMask = 2147483647;
			files = (
				26F452AA2759783C00067ADB /* NetworkManager.swift in Sources */,
				3B489E982759526000FFB473 /* VoteViewController.swift in Sources */,
				26F452A22757366100067ADB /* LoginViewController.swift in Sources */,
				26654B2A274B0173006C014D /* ImagePicker.swift in Sources */,
				26F452A627581F9A00067ADB /* ActionViewController.swift in Sources */,
				26F452A42757418700067ADB /* TabBarController.swift in Sources */,
				264105D027493FC3004C6DA4 /* PetCollectionViewCell.swift in Sources */,
				3B2B6105273D9637000F99DC /* HomeViewController.swift in Sources */,
				264105C827470DBD004C6DA4 /* AccountViewController.swift in Sources */,
				3B489E9A2759527300FFB473 /* NameViewController.swift in Sources */,
				3B2B6101273D9637000F99DC /* AppDelegate.swift in Sources */,
				264105CE27493F96004C6DA4 /* HeaderView.swift in Sources */,
				264105CC27492C5D004C6DA4 /* Account.swift in Sources */,
				264105CA274715DE004C6DA4 /* Pet.swift in Sources */,
				3B2B6103273D9637000F99DC /* SceneDelegate.swift in Sources */,
				26654B28274AA5CB006C014D /* PetViewController.swift in Sources */,
				26F452A82758388400067ADB /* SuccessViewController.swift in Sources */,
				3B79241A273EF05F00B5FC5C /* NewImageViewController.swift in Sources */,
			);
			runOnlyForDeploymentPostprocessing = 0;
		};
/* End PBXSourcesBuildPhase section */

/* Begin PBXVariantGroup section */
		3B2B6106273D9637000F99DC /* Main.storyboard */ = {
			isa = PBXVariantGroup;
			children = (
				3B2B6107273D9637000F99DC /* Base */,
			);
			name = Main.storyboard;
			sourceTree = "<group>";
		};
		3B2B610B273D9639000F99DC /* LaunchScreen.storyboard */ = {
			isa = PBXVariantGroup;
			children = (
				3B2B610C273D9639000F99DC /* Base */,
			);
			name = LaunchScreen.storyboard;
			sourceTree = "<group>";
		};
/* End PBXVariantGroup section */

/* Begin XCBuildConfiguration section */
		3B2B610F273D9639000F99DC /* Debug */ = {
			isa = XCBuildConfiguration;
			buildSettings = {
				ALWAYS_SEARCH_USER_PATHS = NO;
				CLANG_ANALYZER_NONNULL = YES;
				CLANG_ANALYZER_NUMBER_OBJECT_CONVERSION = YES_AGGRESSIVE;
				CLANG_CXX_LANGUAGE_STANDARD = "gnu++17";
				CLANG_CXX_LIBRARY = "libc++";
				CLANG_ENABLE_MODULES = YES;
				CLANG_ENABLE_OBJC_ARC = YES;
				CLANG_ENABLE_OBJC_WEAK = YES;
				CLANG_WARN_BLOCK_CAPTURE_AUTORELEASING = YES;
				CLANG_WARN_BOOL_CONVERSION = YES;
				CLANG_WARN_COMMA = YES;
				CLANG_WARN_CONSTANT_CONVERSION = YES;
				CLANG_WARN_DEPRECATED_OBJC_IMPLEMENTATIONS = YES;
				CLANG_WARN_DIRECT_OBJC_ISA_USAGE = YES_ERROR;
				CLANG_WARN_DOCUMENTATION_COMMENTS = YES;
				CLANG_WARN_EMPTY_BODY = YES;
				CLANG_WARN_ENUM_CONVERSION = YES;
				CLANG_WARN_INFINITE_RECURSION = YES;
				CLANG_WARN_INT_CONVERSION = YES;
				CLANG_WARN_NON_LITERAL_NULL_CONVERSION = YES;
				CLANG_WARN_OBJC_IMPLICIT_RETAIN_SELF = YES;
				CLANG_WARN_OBJC_LITERAL_CONVERSION = YES;
				CLANG_WARN_OBJC_ROOT_CLASS = YES_ERROR;
				CLANG_WARN_QUOTED_INCLUDE_IN_FRAMEWORK_HEADER = YES;
				CLANG_WARN_RANGE_LOOP_ANALYSIS = YES;
				CLANG_WARN_STRICT_PROTOTYPES = YES;
				CLANG_WARN_SUSPICIOUS_MOVE = YES;
				CLANG_WARN_UNGUARDED_AVAILABILITY = YES_AGGRESSIVE;
				CLANG_WARN_UNREACHABLE_CODE = YES;
				CLANG_WARN__DUPLICATE_METHOD_MATCH = YES;
				COPY_PHASE_STRIP = NO;
				DEBUG_INFORMATION_FORMAT = dwarf;
				ENABLE_STRICT_OBJC_MSGSEND = YES;
				ENABLE_TESTABILITY = YES;
				GCC_C_LANGUAGE_STANDARD = gnu11;
				GCC_DYNAMIC_NO_PIC = NO;
				GCC_NO_COMMON_BLOCKS = YES;
				GCC_OPTIMIZATION_LEVEL = 0;
				GCC_PREPROCESSOR_DEFINITIONS = (
					"DEBUG=1",
					"$(inherited)",
				);
				GCC_WARN_64_TO_32_BIT_CONVERSION = YES;
				GCC_WARN_ABOUT_RETURN_TYPE = YES_ERROR;
				GCC_WARN_UNDECLARED_SELECTOR = YES;
				GCC_WARN_UNINITIALIZED_AUTOS = YES_AGGRESSIVE;
				GCC_WARN_UNUSED_FUNCTION = YES;
				GCC_WARN_UNUSED_VARIABLE = YES;
				IPHONEOS_DEPLOYMENT_TARGET = 15.0;
				MTL_ENABLE_DEBUG_INFO = INCLUDE_SOURCE;
				MTL_FAST_MATH = YES;
				ONLY_ACTIVE_ARCH = YES;
				SDKROOT = iphoneos;
				SWIFT_ACTIVE_COMPILATION_CONDITIONS = DEBUG;
				SWIFT_OPTIMIZATION_LEVEL = "-Onone";
			};
			name = Debug;
		};
		3B2B6110273D9639000F99DC /* Release */ = {
			isa = XCBuildConfiguration;
			buildSettings = {
				ALWAYS_SEARCH_USER_PATHS = NO;
				CLANG_ANALYZER_NONNULL = YES;
				CLANG_ANALYZER_NUMBER_OBJECT_CONVERSION = YES_AGGRESSIVE;
				CLANG_CXX_LANGUAGE_STANDARD = "gnu++17";
				CLANG_CXX_LIBRARY = "libc++";
				CLANG_ENABLE_MODULES = YES;
				CLANG_ENABLE_OBJC_ARC = YES;
				CLANG_ENABLE_OBJC_WEAK = YES;
				CLANG_WARN_BLOCK_CAPTURE_AUTORELEASING = YES;
				CLANG_WARN_BOOL_CONVERSION = YES;
				CLANG_WARN_COMMA = YES;
				CLANG_WARN_CONSTANT_CONVERSION = YES;
				CLANG_WARN_DEPRECATED_OBJC_IMPLEMENTATIONS = YES;
				CLANG_WARN_DIRECT_OBJC_ISA_USAGE = YES_ERROR;
				CLANG_WARN_DOCUMENTATION_COMMENTS = YES;
				CLANG_WARN_EMPTY_BODY = YES;
				CLANG_WARN_ENUM_CONVERSION = YES;
				CLANG_WARN_INFINITE_RECURSION = YES;
				CLANG_WARN_INT_CONVERSION = YES;
				CLANG_WARN_NON_LITERAL_NULL_CONVERSION = YES;
				CLANG_WARN_OBJC_IMPLICIT_RETAIN_SELF = YES;
				CLANG_WARN_OBJC_LITERAL_CONVERSION = YES;
				CLANG_WARN_OBJC_ROOT_CLASS = YES_ERROR;
				CLANG_WARN_QUOTED_INCLUDE_IN_FRAMEWORK_HEADER = YES;
				CLANG_WARN_RANGE_LOOP_ANALYSIS = YES;
				CLANG_WARN_STRICT_PROTOTYPES = YES;
				CLANG_WARN_SUSPICIOUS_MOVE = YES;
				CLANG_WARN_UNGUARDED_AVAILABILITY = YES_AGGRESSIVE;
				CLANG_WARN_UNREACHABLE_CODE = YES;
				CLANG_WARN__DUPLICATE_METHOD_MATCH = YES;
				COPY_PHASE_STRIP = NO;
				DEBUG_INFORMATION_FORMAT = "dwarf-with-dsym";
				ENABLE_NS_ASSERTIONS = NO;
				ENABLE_STRICT_OBJC_MSGSEND = YES;
				GCC_C_LANGUAGE_STANDARD = gnu11;
				GCC_NO_COMMON_BLOCKS = YES;
				GCC_WARN_64_TO_32_BIT_CONVERSION = YES;
				GCC_WARN_ABOUT_RETURN_TYPE = YES_ERROR;
				GCC_WARN_UNDECLARED_SELECTOR = YES;
				GCC_WARN_UNINITIALIZED_AUTOS = YES_AGGRESSIVE;
				GCC_WARN_UNUSED_FUNCTION = YES;
				GCC_WARN_UNUSED_VARIABLE = YES;
				IPHONEOS_DEPLOYMENT_TARGET = 15.0;
				MTL_ENABLE_DEBUG_INFO = NO;
				MTL_FAST_MATH = YES;
				SDKROOT = iphoneos;
				SWIFT_COMPILATION_MODE = wholemodule;
				SWIFT_OPTIMIZATION_LEVEL = "-O";
				VALIDATE_PRODUCT = YES;
			};
			name = Release;
		};
		3B2B6112273D9639000F99DC /* Debug */ = {
			isa = XCBuildConfiguration;
			baseConfigurationReference = 0E1F7F807DA05668F2652FA4 /* Pods-Pet Naming Network.debug.xcconfig */;
			buildSettings = {
				ASSETCATALOG_COMPILER_APPICON_NAME = AppIcon;
				ASSETCATALOG_COMPILER_GLOBAL_ACCENT_COLOR_NAME = AccentColor;
				CODE_SIGN_STYLE = Automatic;
				CURRENT_PROJECT_VERSION = 1;
				DEVELOPMENT_TEAM = AUBXDCV2VL;
				GENERATE_INFOPLIST_FILE = YES;
				INFOPLIST_FILE = "Pet Naming Network/Info.plist";
				INFOPLIST_KEY_NSCameraUsageDescription = Test;
				INFOPLIST_KEY_UIApplicationSupportsIndirectInputEvents = YES;
				INFOPLIST_KEY_UILaunchStoryboardName = LaunchScreen;
				INFOPLIST_KEY_UIMainStoryboardFile = LaunchScreen;
				INFOPLIST_KEY_UISupportedInterfaceOrientations_iPad = "UIInterfaceOrientationPortrait UIInterfaceOrientationPortraitUpsideDown UIInterfaceOrientationLandscapeLeft UIInterfaceOrientationLandscapeRight";
				INFOPLIST_KEY_UISupportedInterfaceOrientations_iPhone = "UIInterfaceOrientationPortrait UIInterfaceOrientationLandscapeLeft UIInterfaceOrientationLandscapeRight";
				LD_RUNPATH_SEARCH_PATHS = (
					"$(inherited)",
					"@executable_path/Frameworks",
				);
				MARKETING_VERSION = 1.0;
				PRODUCT_BUNDLE_IDENTIFIER = "com.camerongoddard.Pet-Naming-Network";
				PRODUCT_NAME = "$(TARGET_NAME)";
				SWIFT_EMIT_LOC_STRINGS = YES;
				SWIFT_VERSION = 5.0;
				TARGETED_DEVICE_FAMILY = "1,2";
			};
			name = Debug;
		};
		3B2B6113273D9639000F99DC /* Release */ = {
			isa = XCBuildConfiguration;
			baseConfigurationReference = F9E3C02795D06736FC224164 /* Pods-Pet Naming Network.release.xcconfig */;
			buildSettings = {
				ASSETCATALOG_COMPILER_APPICON_NAME = AppIcon;
				ASSETCATALOG_COMPILER_GLOBAL_ACCENT_COLOR_NAME = AccentColor;
				CODE_SIGN_STYLE = Automatic;
				CURRENT_PROJECT_VERSION = 1;
				DEVELOPMENT_TEAM = AUBXDCV2VL;
				GENERATE_INFOPLIST_FILE = YES;
				INFOPLIST_FILE = "Pet Naming Network/Info.plist";
				INFOPLIST_KEY_NSCameraUsageDescription = Test;
				INFOPLIST_KEY_UIApplicationSupportsIndirectInputEvents = YES;
				INFOPLIST_KEY_UILaunchStoryboardName = LaunchScreen;
				INFOPLIST_KEY_UIMainStoryboardFile = LaunchScreen;
				INFOPLIST_KEY_UISupportedInterfaceOrientations_iPad = "UIInterfaceOrientationPortrait UIInterfaceOrientationPortraitUpsideDown UIInterfaceOrientationLandscapeLeft UIInterfaceOrientationLandscapeRight";
				INFOPLIST_KEY_UISupportedInterfaceOrientations_iPhone = "UIInterfaceOrientationPortrait UIInterfaceOrientationLandscapeLeft UIInterfaceOrientationLandscapeRight";
				LD_RUNPATH_SEARCH_PATHS = (
					"$(inherited)",
					"@executable_path/Frameworks",
				);
				MARKETING_VERSION = 1.0;
				PRODUCT_BUNDLE_IDENTIFIER = "com.camerongoddard.Pet-Naming-Network";
				PRODUCT_NAME = "$(TARGET_NAME)";
				SWIFT_EMIT_LOC_STRINGS = YES;
				SWIFT_VERSION = 5.0;
				TARGETED_DEVICE_FAMILY = "1,2";
			};
			name = Release;
		};
/* End XCBuildConfiguration section */

/* Begin XCConfigurationList section */
		3B2B60F8273D9637000F99DC /* Build configuration list for PBXProject "Pet Naming Network" */ = {
			isa = XCConfigurationList;
			buildConfigurations = (
				3B2B610F273D9639000F99DC /* Debug */,
				3B2B6110273D9639000F99DC /* Release */,
			);
			defaultConfigurationIsVisible = 0;
			defaultConfigurationName = Release;
		};
		3B2B6111273D9639000F99DC /* Build configuration list for PBXNativeTarget "Pet Naming Network" */ = {
			isa = XCConfigurationList;
			buildConfigurations = (
				3B2B6112273D9639000F99DC /* Debug */,
				3B2B6113273D9639000F99DC /* Release */,
			);
			defaultConfigurationIsVisible = 0;
			defaultConfigurationName = Release;
		};
/* End XCConfigurationList section */
	};
	rootObject = 3B2B60F5273D9637000F99DC /* Project object */;
}
